{
  "version": 4,
  "terraform_version": "1.8.0",
  "serial": 114,
  "lineage": "4c448cbc-5f69-ed82-0b43-86bde65814d3",
  "outputs": {},
  "resources": [
    {
      "mode": "managed",
      "type": "google_container_cluster",
      "name": "terraform_gke",
      "provider": "provider[\"registry.terraform.io/hashicorp/google\"]",
      "instances": [
        {
          "schema_version": 1,
          "attributes": {
            "addons_config": [
              {
                "cloudrun_config": [],
                "config_connector_config": [],
                "dns_cache_config": [],
                "gce_persistent_disk_csi_driver_config": [
                  {
                    "enabled": true
                  }
                ],
                "gcp_filestore_csi_driver_config": [
                  {
                    "enabled": true
                  }
                ],
                "gcs_fuse_csi_driver_config": [],
                "gke_backup_agent_config": [],
                "horizontal_pod_autoscaling": [],
                "http_load_balancing": [],
                "network_policy_config": [
                  {
                    "disabled": true
                  }
                ]
              }
            ],
            "allow_net_admin": null,
            "authenticator_groups_config": [],
            "binary_authorization": [
              {
                "enabled": false,
                "evaluation_mode": ""
              }
            ],
            "cluster_autoscaling": [
              {
                "auto_provisioning_defaults": [],
                "enabled": false,
                "resource_limits": []
              }
            ],
            "cluster_ipv4_cidr": "10.0.0.0/14",
            "confidential_nodes": [],
            "cost_management_config": [],
            "database_encryption": [
              {
                "key_name": "",
                "state": "DECRYPTED"
              }
            ],
            "datapath_provider": "",
            "default_max_pods_per_node": null,
            "default_snat_status": [
              {
                "disabled": false
              }
            ],
            "description": "",
            "dns_config": [],
            "enable_autopilot": false,
            "enable_binary_authorization": false,
            "enable_intranode_visibility": false,
            "enable_k8s_beta_apis": [],
            "enable_kubernetes_alpha": false,
            "enable_l4_ilb_subsetting": false,
            "enable_legacy_abac": false,
            "enable_shielded_nodes": true,
            "enable_tpu": false,
            "endpoint": "34.87.48.55",
            "gateway_api_config": [],
            "id": "projects/tokyo-dream-461703-i3/locations/asia-southeast1-a/clusters/amazonreviews-standard-cluster",
            "initial_node_count": 2,
            "ip_allocation_policy": [],
            "label_fingerprint": "a9dc16a7",
            "location": "asia-southeast1-a",
            "logging_config": [
              {
                "enable_components": [
                  "SYSTEM_COMPONENTS",
                  "WORKLOADS"
                ]
              }
            ],
            "logging_service": "logging.googleapis.com/kubernetes",
            "maintenance_policy": [],
            "master_auth": [
              {
                "client_certificate": "",
                "client_certificate_config": [
                  {
                    "issue_client_certificate": false
                  }
                ],
                "client_key": "",
                "cluster_ca_certificate": "LS0tLS1CRUdJTiBDRVJUSUZJQ0FURS0tLS0tCk1JSUVMRENDQXBTZ0F3SUJBZ0lRVVJ0d1NLUHBZQll2MUs4VFhjM2J4akFOQmdrcWhraUc5dzBCQVFzRkFEQXYKTVMwd0t3WURWUVFERXlSa05tTXlNVEprWXkxbU4yRmlMVFEyTTJFdFltSXpaUzA0WlRKbU1qUm1NVE0xTUdFdwpJQmNOTWpVd05qSTJNVEF3TXpVeVdoZ1BNakExTlRBMk1Ua3hNVEF6TlRKYU1DOHhMVEFyQmdOVkJBTVRKR1EyCll6SXhNbVJqTFdZM1lXSXRORFl6WVMxaVlqTmxMVGhsTW1ZeU5HWXhNelV3WVRDQ0FhSXdEUVlKS29aSWh2Y04KQVFFQkJRQURnZ0dQQURDQ0FZb0NnZ0dCQUxtTDhGTjFKZEtRdHhtM0toSnpSOEFPUXY0eEtkUlVoamtadkZrSwp2ZGNWYnNUenBTeWUzWlFmOHNXZmxnaVcxWWE1Njg1L0dYa2RwN0hTUU5FanA0Y3gyd3NzWFRvVHkvWGE1TFg2CjBwc0dIcGZlOEt4RDRRT3R6OXlEK1U0UllxUUEySnY2cjl2eFd3eStsMzNkdkhHL0RNL0l2VmhHcmJwTkZyeDYKZGl4eUVGUDMrUllCdVRxRkdocW9DRFc3eWVSTjJKdHUvblMxQUNNbVg5T3RRbnpocVNyT1FDVjMydkFyQXlPYQptMklQK3RLblhxcURhbW9XcnYzclFRb1Q2UTBSZ0lyendpWnFRb3JqUUZ2RW5peDZNZHQ5cEdHb21nNXZKb3BPCllLa3ZMSWY1Z0loQThBdGZuTUZpSzNxbXZicGo0UHh2WkVkajZ3Q09GNy8vd1NtZlRabTFmTjNhNlc2MDJISE8KQm9aNXI0dmkrUEhtS1FsU0lKMjFhOHFoS1VDL2h2RjBqcDV3UEQzUkkwczBFSERSdTN6U1U3aTVpVUZ3WDc5RQpVVFhqQnQrY2hoMDk3cm10T2JFTG1xRmxxRkIvSnNhTnRJWTBlcnhueGdldk9DQVBiTVVNdllkWnpWQ1ZNdlIzCjk3dVF2elFENm90UXBqNW5ydGtQSXFVV2p3SURBUUFCbzBJd1FEQU9CZ05WSFE4QkFmOEVCQU1DQWdRd0R3WUQKVlIwVEFRSC9CQVV3QXdFQi96QWRCZ05WSFE0RUZnUVVzNzRoT2s4bThZU2RQQ0h4UmRxTEVtQkltLzR3RFFZSgpLb1pJaHZjTkFRRUxCUUFEZ2dHQkFKN2J3ZFdBMWpjYTNPcDdWY25yckFBbGNXdDVGUjJCblJrRHlmUG5uU25JCmRsZUswMklPMzNITFhyajN5U3dRSllMb2RXa1piczY2cGptV3ZoUDZMQzRVRHFkRXVHVUVyVWFSMHJ5bHhmZHoKR1c0c0sxWEtoamZPamJFVi9IY2todXZBMEdmOWdFUG45WmhKa1QxdXFvWElsd1JXZTlHb2VyNkxlZUMyS0R3NgpWS1NpRWExQ0RyQ09iQjYwU1FpZGtwbFVRSDhySTlTcVZKV1d3dHBTL1YzWGFoVFF0bnB3OUdDK0pDVEJFS1Y1CkxleWNsT2tFbVViVUlYa0VscjZ2ckErcUtkSnBQUzhDTCtXVy9ZN2s0OGdaQlQvYnAvL2N5ekYyRmEzUW9FbGsKSWVGb0Q2eWdmZXo3MVZOd01mWFV6VmpDUEtiZ2FrbllWMWdpSDYwU0NmUUJaM3NVelVsV0JaeSt1V3JzQUtzUgpBTHNCUVBWOFRMY0FqVzdzU2xxOTc3UVBYM1pqa2tGTU1UZ1FFUk5MVFhTZ0tGVW96NzkwQkZzYVA4ZitYclRYCm9Ob29hTU1JMlZjYjJnM25UT0hrMDR6MmxnTnREM2RUdFRkV2RsMkNWU3BMU2pxbEtQOE9PUTdwZFM0TzErMkIKSjhicXpRODNvTmdaQmtjbTgyNCtTUT09Ci0tLS0tRU5EIENFUlRJRklDQVRFLS0tLS0K"
              }
            ],
            "master_authorized_networks_config": [],
            "master_version": "1.32.4-gke.1415000",
            "mesh_certificates": [],
            "min_master_version": null,
            "monitoring_config": [
              {
                "advanced_datapath_observability_config": [
                  {
                    "enable_metrics": false,
                    "relay_mode": ""
                  }
                ],
                "enable_components": [
                  "SYSTEM_COMPONENTS",
                  "STORAGE",
                  "HPA",
                  "POD",
                  "DAEMONSET",
                  "DEPLOYMENT",
                  "STATEFULSET",
                  "JOBSET",
                  "CADVISOR",
                  "KUBELET",
                  "DCGM"
                ],
                "managed_prometheus": [
                  {
                    "enabled": true
                  }
                ]
              }
            ],
            "monitoring_service": "monitoring.googleapis.com/kubernetes",
            "name": "amazonreviews-standard-cluster",
            "network": "projects/tokyo-dream-461703-i3/global/networks/default",
            "network_policy": [
              {
                "enabled": false,
                "provider": "PROVIDER_UNSPECIFIED"
              }
            ],
            "networking_mode": "ROUTES",
            "node_config": [
              {
                "advanced_machine_features": [],
                "boot_disk_kms_key": "",
                "disk_size_gb": 100,
                "disk_type": "pd-balanced",
                "ephemeral_storage_local_ssd_config": [],
                "gcfs_config": [],
                "guest_accelerator": [],
                "gvnic": [],
                "host_maintenance_policy": [],
                "image_type": "COS_CONTAINERD",
                "kubelet_config": [
                  {
                    "cpu_cfs_quota": false,
                    "cpu_cfs_quota_period": "",
                    "cpu_manager_policy": "",
                    "pod_pids_limit": 0
                  }
                ],
                "labels": {},
                "linux_node_config": [],
                "local_nvme_ssd_block_config": [],
                "local_ssd_count": 0,
                "logging_variant": "DEFAULT",
                "machine_type": "c3-standard-4",
                "metadata": {
                  "disable-legacy-endpoints": "true"
                },
                "min_cpu_platform": "",
                "node_group": "",
                "oauth_scopes": [
                  "https://www.googleapis.com/auth/devstorage.read_only",
                  "https://www.googleapis.com/auth/logging.write",
                  "https://www.googleapis.com/auth/monitoring",
                  "https://www.googleapis.com/auth/service.management.readonly",
                  "https://www.googleapis.com/auth/servicecontrol",
                  "https://www.googleapis.com/auth/trace.append"
                ],
                "preemptible": true,
                "reservation_affinity": [],
                "resource_labels": {
                  "goog-gke-node-pool-provisioning-model": "spot"
                },
                "service_account": "default",
                "shielded_instance_config": [
                  {
                    "enable_integrity_monitoring": true,
                    "enable_secure_boot": false
                  }
                ],
                "sole_tenant_config": [],
                "spot": false,
                "tags": [],
                "taint": [],
                "workload_metadata_config": []
              }
            ],
            "node_locations": [],
            "node_pool": [
              {
                "autoscaling": [],
                "initial_node_count": 2,
                "instance_group_urls": [
                  "https://www.googleapis.com/compute/v1/projects/tokyo-dream-461703-i3/zones/asia-southeast1-a/instanceGroupManagers/gke-amazonreviews-standa-default-pool-dbcca717-grp"
                ],
                "managed_instance_group_urls": [
                  "https://www.googleapis.com/compute/v1/projects/tokyo-dream-461703-i3/zones/asia-southeast1-a/instanceGroups/gke-amazonreviews-standa-default-pool-dbcca717-grp"
                ],
                "management": [
                  {
                    "auto_repair": true,
                    "auto_upgrade": true
                  }
                ],
                "max_pods_per_node": 0,
                "name": "default-pool",
                "name_prefix": "",
                "network_config": [],
                "node_config": [
                  {
                    "advanced_machine_features": [],
                    "boot_disk_kms_key": "",
                    "disk_size_gb": 100,
                    "disk_type": "pd-balanced",
                    "ephemeral_storage_local_ssd_config": [],
                    "gcfs_config": [],
                    "guest_accelerator": [],
                    "gvnic": [],
                    "host_maintenance_policy": [],
                    "image_type": "COS_CONTAINERD",
                    "kubelet_config": [
                      {
                        "cpu_cfs_quota": false,
                        "cpu_cfs_quota_period": "",
                        "cpu_manager_policy": "",
                        "pod_pids_limit": 0
                      }
                    ],
                    "labels": {},
                    "linux_node_config": [],
                    "local_nvme_ssd_block_config": [],
                    "local_ssd_count": 0,
                    "logging_variant": "DEFAULT",
                    "machine_type": "c3-standard-4",
                    "metadata": {
                      "disable-legacy-endpoints": "true"
                    },
                    "min_cpu_platform": "",
                    "node_group": "",
                    "oauth_scopes": [
                      "https://www.googleapis.com/auth/devstorage.read_only",
                      "https://www.googleapis.com/auth/logging.write",
                      "https://www.googleapis.com/auth/monitoring",
                      "https://www.googleapis.com/auth/service.management.readonly",
                      "https://www.googleapis.com/auth/servicecontrol",
                      "https://www.googleapis.com/auth/trace.append"
                    ],
                    "preemptible": true,
                    "reservation_affinity": [],
                    "resource_labels": {
                      "goog-gke-node-pool-provisioning-model": "spot"
                    },
                    "service_account": "default",
                    "shielded_instance_config": [
                      {
                        "enable_integrity_monitoring": true,
                        "enable_secure_boot": false
                      }
                    ],
                    "sole_tenant_config": [],
                    "spot": false,
                    "tags": [],
                    "taint": [],
                    "workload_metadata_config": []
                  }
                ],
                "node_count": 2,
                "node_locations": [
                  "asia-southeast1-a"
                ],
                "placement_policy": [],
                "upgrade_settings": [
                  {
                    "blue_green_settings": [],
                    "max_surge": 1,
                    "max_unavailable": 0,
                    "strategy": "SURGE"
                  }
                ],
                "version": "1.32.4-gke.1415000"
              }
            ],
            "node_pool_defaults": [
              {
                "node_config_defaults": [
                  {
                    "logging_variant": "DEFAULT"
                  }
                ]
              }
            ],
            "node_version": "1.32.4-gke.1415000",
            "notification_config": [
              {
                "pubsub": [
                  {
                    "enabled": false,
                    "filter": [],
                    "topic": ""
                  }
                ]
              }
            ],
            "operation": null,
            "private_cluster_config": [
              {
                "enable_private_endpoint": false,
                "enable_private_nodes": false,
                "master_global_access_config": [
                  {
                    "enabled": false
                  }
                ],
                "master_ipv4_cidr_block": "",
                "peering_name": "",
                "private_endpoint": "10.148.0.51",
                "private_endpoint_subnetwork": "",
                "public_endpoint": "34.87.48.55"
              }
            ],
            "private_ipv6_google_access": "",
            "project": "tokyo-dream-461703-i3",
            "release_channel": [
              {
                "channel": "REGULAR"
              }
            ],
            "remove_default_node_pool": true,
            "resource_labels": {},
            "resource_usage_export_config": [],
            "security_posture_config": [
              {
                "mode": "BASIC",
                "vulnerability_mode": "VULNERABILITY_MODE_UNSPECIFIED"
              }
            ],
            "self_link": "https://container.googleapis.com/v1/projects/tokyo-dream-461703-i3/zones/asia-southeast1-a/clusters/amazonreviews-standard-cluster",
            "service_external_ips_config": [
              {
                "enabled": false
              }
            ],
            "services_ipv4_cidr": "10.3.240.0/20",
            "subnetwork": "projects/tokyo-dream-461703-i3/regions/asia-southeast1/subnetworks/default",
            "timeouts": null,
            "tpu_ipv4_cidr_block": "",
            "vertical_pod_autoscaling": [],
            "workload_identity_config": []
          },
          "sensitive_attributes": [
            [
              {
                "type": "get_attr",
                "value": "master_auth"
              },
              {
                "type": "index",
                "value": {
                  "value": 0,
                  "type": "number"
                }
              },
              {
                "type": "get_attr",
                "value": "client_key"
              }
            ]
          ],
          "private": "eyJlMmJmYjczMC1lY2FhLTExZTYtOGY4OC0zNDM2M2JjN2M0YzAiOnsiY3JlYXRlIjoyNDAwMDAwMDAwMDAwLCJkZWxldGUiOjI0MDAwMDAwMDAwMDAsInJlYWQiOjI0MDAwMDAwMDAwMDAsInVwZGF0ZSI6MzYwMDAwMDAwMDAwMH0sInNjaGVtYV92ZXJzaW9uIjoiMSJ9"
        }
      ]
    }
  ],
  "check_results": null
}
