{
  "version": 4,
  "terraform_version": "1.8.0",
  "serial": 88,
  "lineage": "4c448cbc-5f69-ed82-0b43-86bde65814d3",
  "outputs": {},
  "resources": [
    {
      "mode": "managed",
      "type": "google_container_cluster",
      "name": "terraform_gke",
      "provider": "provider[\"registry.terraform.io/hashicorp/google\"]",
      "instances": [
        {
          "schema_version": 1,
          "attributes": {
            "addons_config": [
              {
                "cloudrun_config": [],
                "config_connector_config": [],
                "dns_cache_config": [],
                "gce_persistent_disk_csi_driver_config": [
                  {
                    "enabled": true
                  }
                ],
                "gcp_filestore_csi_driver_config": [],
                "gcs_fuse_csi_driver_config": [],
                "gke_backup_agent_config": [],
                "horizontal_pod_autoscaling": [],
                "http_load_balancing": [],
                "network_policy_config": [
                  {
                    "disabled": true
                  }
                ]
              }
            ],
            "allow_net_admin": null,
            "authenticator_groups_config": [],
            "binary_authorization": [
              {
                "enabled": false,
                "evaluation_mode": ""
              }
            ],
            "cluster_autoscaling": [
              {
                "auto_provisioning_defaults": [],
                "enabled": false,
                "resource_limits": []
              }
            ],
            "cluster_ipv4_cidr": "10.0.0.0/14",
            "confidential_nodes": [],
            "cost_management_config": [],
            "database_encryption": [
              {
                "key_name": "",
                "state": "DECRYPTED"
              }
            ],
            "datapath_provider": "",
            "default_max_pods_per_node": null,
            "default_snat_status": [
              {
                "disabled": false
              }
            ],
            "description": "",
            "dns_config": [],
            "enable_autopilot": false,
            "enable_binary_authorization": false,
            "enable_intranode_visibility": false,
            "enable_k8s_beta_apis": [],
            "enable_kubernetes_alpha": false,
            "enable_l4_ilb_subsetting": false,
            "enable_legacy_abac": false,
            "enable_shielded_nodes": true,
            "enable_tpu": false,
            "endpoint": "34.87.178.109",
            "gateway_api_config": [],
            "id": "projects/tokyo-dream-461703-i3/locations/asia-southeast1-a/clusters/amazonreviews-standard-cluster",
            "initial_node_count": 2,
            "ip_allocation_policy": [],
            "label_fingerprint": "a9dc16a7",
            "location": "asia-southeast1-a",
            "logging_config": [
              {
                "enable_components": [
                  "SYSTEM_COMPONENTS",
                  "WORKLOADS"
                ]
              }
            ],
            "logging_service": "logging.googleapis.com/kubernetes",
            "maintenance_policy": [],
            "master_auth": [
              {
                "client_certificate": "",
                "client_certificate_config": [
                  {
                    "issue_client_certificate": false
                  }
                ],
                "client_key": "",
                "cluster_ca_certificate": "LS0tLS1CRUdJTiBDRVJUSUZJQ0FURS0tLS0tCk1JSUVMVENDQXBXZ0F3SUJBZ0lSQU1rT3ZIdTJ4SkdLVGcwMksxeDBoc3d3RFFZSktvWklodmNOQVFFTEJRQXcKTHpFdE1Dc0dBMVVFQXhNa09ETXpOek5pTVdNdFl6azBNaTAwT0RRMUxUaGhaVEV0TjJZNU9UUTVPR1ZqWXpsaApNQ0FYRFRJMU1EWXhPREl6TlRFd01Gb1lEekl3TlRVd05qRXlNREExTVRBd1dqQXZNUzB3S3dZRFZRUURFeVE0Ck16TTNNMkl4WXkxak9UUXlMVFE0TkRVdE9HRmxNUzAzWmprNU5EazRaV05qT1dFd2dnR2lNQTBHQ1NxR1NJYjMKRFFFQkFRVUFBNElCandBd2dnR0tBb0lCZ1FDd1BERllucEtBN0o4ei9kV3hwd1ppaVpieWU2Qk9LUDBvRVM3dQpROWpTNHJkS0RQQlFlKzdreDlKMjVqWUY2SGlrNEYvOHZweGszcjBIM1NvelpaMEVIMEljSzJYV3NHMms4MnRrCjZvNFQ3dEQySG5BUE9ERWE0WXRJdUdSRHhTVEVCQVpWT3dZdFVleXVnOWZWKzN5VzU1Qk95NUFmSUY2YXY4SDgKNGNLTlJQZkR6bTZXY0N0OUpmTUdHMjJURnlkUDRueDJCVzlQMC81TlhkalFWTGdQUGptWlNubHhObkxLczg1LwphMEd0MWFES0Y1K25ieVh2TWh3MitiVE9sY2tFSVNiY1FYMGFTQlpLaVZKR0luWUJ0VUZMcTA1d1lMK0dYblNRClZjM2hoVUZBc3lETUZrWWhDWTlHVkY0R3BtYkxMWVdxSzhEQURMTjluNjR1WFhhRmdiU3Z2WEFZUitSdEsza1UKQndPVVJ6THd5VkxQSnRBZHBSNHgxMk51STlMcnhGK2I2NEptUDVrZ2hjQStpRDNVMWVMTkIvTXUrM0UyTVg5MwpZU0ZKd21BdFIxelNSRVRuT3ZNVWtjdVVJL25Ha0NsbDdGRnRIS2RjUWVFdjBhVlFsQmIrVTdPd2hMWWVCeWlJCk9yYjQ4Vlp3bysxWXpteElQc00rYzlGejBWa0NBd0VBQWFOQ01FQXdEZ1lEVlIwUEFRSC9CQVFEQWdJRU1BOEcKQTFVZEV3RUIvd1FGTUFNQkFmOHdIUVlEVlIwT0JCWUVGT083YXo5OUgyY0d0b0hjSFloT3ZZSHlONG1DTUEwRwpDU3FHU0liM0RRRUJDd1VBQTRJQmdRQUZjbzdZN0d6bFFxcDRibll0MklyUlRRQ0VjMmk5bGZJdG1zNzF5OTkzCm1vMFU5b3NHVlJKcDFYa0QySWE3WW9acS8yN3BEakFXcEhlOGJ3eDlqUnZZa3p3QTdhWXFtYWJRN3NUblRrK3IKTmVxMEgyYmUzNDM3Sm0rbjl6TWpLU2Z0dE5xeCs4Q2VLSSt0VlgvY2tkNVFydytuQldLRGF5S0hwZ1l3OFRPRwpFWkFocnJmb1NCaEFJZTMzb21DWXpHMnpBZEZxWkJhVVBLWVcyRWpZVEh6d3dPOTBDM0IvaW1qZjdBM0U4bTlZCjhrQllDdGRINFd1VGdnSTNhQ1cyK0VjQXozYnBzSFI1aEdreFI2Yk5pS3l0TzJCcFRjejhIQzdoUjFyaHF1Q2kKMGlQSkdnVFZsUGE4OXVIdUJPZVMvaU5JN2o4bVZ3NnVObk9qVHh2QUgwN0ZJa1dqNHcvV3R4VW5UWURzVzFuSgpnbnFCam1RQys5K1dML3V1M09MZGZaUVl3ejlsRkNFY1plRWNIRDhGSUlTTk5oWjNNS01obnpTTUYrSWhpUEY1CkhDajlua3NuUlM1bngyQVUwRWp3RkhZN2FCVHlud0hBTzJUNlRaMStTUkdGdWF5RERYaVhSRVJ3bXZuUml4UGcKWlY1QlAyTGpPaWFVUmhoOEZSVzdlTkE9Ci0tLS0tRU5EIENFUlRJRklDQVRFLS0tLS0K"
              }
            ],
            "master_authorized_networks_config": [],
            "master_version": "1.32.4-gke.1353003",
            "mesh_certificates": [],
            "min_master_version": null,
            "monitoring_config": [
              {
                "advanced_datapath_observability_config": [
                  {
                    "enable_metrics": false,
                    "relay_mode": ""
                  }
                ],
                "enable_components": [
                  "SYSTEM_COMPONENTS",
                  "POD",
                  "DAEMONSET",
                  "DEPLOYMENT",
                  "STATEFULSET",
                  "JOBSET",
                  "STORAGE",
                  "HPA",
                  "KUBELET",
                  "CADVISOR",
                  "DCGM"
                ],
                "managed_prometheus": [
                  {
                    "enabled": true
                  }
                ]
              }
            ],
            "monitoring_service": "monitoring.googleapis.com/kubernetes",
            "name": "amazonreviews-standard-cluster",
            "network": "projects/tokyo-dream-461703-i3/global/networks/default",
            "network_policy": [
              {
                "enabled": false,
                "provider": "PROVIDER_UNSPECIFIED"
              }
            ],
            "networking_mode": "ROUTES",
            "node_config": [],
            "node_locations": [],
            "node_pool": [],
            "node_pool_defaults": [
              {
                "node_config_defaults": [
                  {
                    "logging_variant": "DEFAULT"
                  }
                ]
              }
            ],
            "node_version": "1.32.4-gke.1353003",
            "notification_config": [
              {
                "pubsub": [
                  {
                    "enabled": false,
                    "filter": [],
                    "topic": ""
                  }
                ]
              }
            ],
            "operation": null,
            "private_cluster_config": [
              {
                "enable_private_endpoint": false,
                "enable_private_nodes": false,
                "master_global_access_config": [
                  {
                    "enabled": false
                  }
                ],
                "master_ipv4_cidr_block": "",
                "peering_name": "",
                "private_endpoint": "10.148.0.36",
                "private_endpoint_subnetwork": "",
                "public_endpoint": "34.87.178.109"
              }
            ],
            "private_ipv6_google_access": "",
            "project": "tokyo-dream-461703-i3",
            "release_channel": [
              {
                "channel": "REGULAR"
              }
            ],
            "remove_default_node_pool": true,
            "resource_labels": null,
            "resource_usage_export_config": [],
            "security_posture_config": [
              {
                "mode": "BASIC",
                "vulnerability_mode": "VULNERABILITY_MODE_UNSPECIFIED"
              }
            ],
            "self_link": "https://container.googleapis.com/v1/projects/tokyo-dream-461703-i3/zones/asia-southeast1-a/clusters/amazonreviews-standard-cluster",
            "service_external_ips_config": [
              {
                "enabled": false
              }
            ],
            "services_ipv4_cidr": "10.3.240.0/20",
            "subnetwork": "projects/tokyo-dream-461703-i3/regions/asia-southeast1/subnetworks/default",
            "timeouts": null,
            "tpu_ipv4_cidr_block": "",
            "vertical_pod_autoscaling": [],
            "workload_identity_config": []
          },
          "sensitive_attributes": [
            [
              {
                "type": "get_attr",
                "value": "master_auth"
              },
              {
                "type": "index",
                "value": {
                  "value": 0,
                  "type": "number"
                }
              },
              {
                "type": "get_attr",
                "value": "client_key"
              }
            ]
          ],
          "private": "eyJlMmJmYjczMC1lY2FhLTExZTYtOGY4OC0zNDM2M2JjN2M0YzAiOnsiY3JlYXRlIjoyNDAwMDAwMDAwMDAwLCJkZWxldGUiOjI0MDAwMDAwMDAwMDAsInJlYWQiOjI0MDAwMDAwMDAwMDAsInVwZGF0ZSI6MzYwMDAwMDAwMDAwMH0sInNjaGVtYV92ZXJzaW9uIjoiMSJ9"
        }
      ]
    },
    {
      "mode": "managed",
      "type": "google_container_node_pool",
      "name": "primary_preemptible_nodes",
      "provider": "provider[\"registry.terraform.io/hashicorp/google\"]",
      "instances": [
        {
          "schema_version": 1,
          "attributes": {
            "autoscaling": [],
            "cluster": "amazonreviews-standard-cluster",
            "id": "projects/tokyo-dream-461703-i3/locations/asia-southeast1-a/clusters/amazonreviews-standard-cluster/nodePools/default-pool",
            "initial_node_count": 2,
            "instance_group_urls": [
              "https://www.googleapis.com/compute/v1/projects/tokyo-dream-461703-i3/zones/asia-southeast1-a/instanceGroupManagers/gke-amazonreviews-standa-default-pool-20adc72d-grp"
            ],
            "location": "asia-southeast1-a",
            "managed_instance_group_urls": [
              "https://www.googleapis.com/compute/v1/projects/tokyo-dream-461703-i3/zones/asia-southeast1-a/instanceGroups/gke-amazonreviews-standa-default-pool-20adc72d-grp"
            ],
            "management": [
              {
                "auto_repair": true,
                "auto_upgrade": true
              }
            ],
            "max_pods_per_node": null,
            "name": "default-pool",
            "name_prefix": "",
            "network_config": [],
            "node_config": [
              {
                "advanced_machine_features": [],
                "boot_disk_kms_key": "",
                "disk_size_gb": 100,
                "disk_type": "pd-balanced",
                "ephemeral_storage_local_ssd_config": [],
                "gcfs_config": [],
                "guest_accelerator": [],
                "gvnic": [],
                "host_maintenance_policy": [],
                "image_type": "COS_CONTAINERD",
                "kubelet_config": [
                  {
                    "cpu_cfs_quota": false,
                    "cpu_cfs_quota_period": "",
                    "cpu_manager_policy": "",
                    "pod_pids_limit": 0
                  }
                ],
                "labels": {},
                "linux_node_config": [],
                "local_nvme_ssd_block_config": [],
                "local_ssd_count": 0,
                "logging_variant": "DEFAULT",
                "machine_type": "c3-standard-4",
                "metadata": {
                  "disable-legacy-endpoints": "true"
                },
                "min_cpu_platform": "",
                "node_group": "",
                "oauth_scopes": [
                  "https://www.googleapis.com/auth/devstorage.read_only",
                  "https://www.googleapis.com/auth/logging.write",
                  "https://www.googleapis.com/auth/monitoring",
                  "https://www.googleapis.com/auth/service.management.readonly",
                  "https://www.googleapis.com/auth/servicecontrol",
                  "https://www.googleapis.com/auth/trace.append"
                ],
                "preemptible": true,
                "reservation_affinity": [],
                "resource_labels": {
                  "goog-gke-node-pool-provisioning-model": "spot"
                },
                "service_account": "default",
                "shielded_instance_config": [
                  {
                    "enable_integrity_monitoring": true,
                    "enable_secure_boot": false
                  }
                ],
                "sole_tenant_config": [],
                "spot": false,
                "tags": null,
                "taint": [],
                "workload_metadata_config": []
              }
            ],
            "node_count": 2,
            "node_locations": [
              "asia-southeast1-a"
            ],
            "operation": null,
            "placement_policy": [],
            "project": "tokyo-dream-461703-i3",
            "timeouts": null,
            "upgrade_settings": [
              {
                "blue_green_settings": [],
                "max_surge": 1,
                "max_unavailable": 0,
                "strategy": "SURGE"
              }
            ],
            "version": "1.32.4-gke.1353003"
          },
          "sensitive_attributes": [],
          "private": "eyJlMmJmYjczMC1lY2FhLTExZTYtOGY4OC0zNDM2M2JjN2M0YzAiOnsiY3JlYXRlIjoxODAwMDAwMDAwMDAwLCJkZWxldGUiOjE4MDAwMDAwMDAwMDAsInVwZGF0ZSI6MTgwMDAwMDAwMDAwMH0sInNjaGVtYV92ZXJzaW9uIjoiMSJ9",
          "dependencies": [
            "google_container_cluster.terraform_gke"
          ]
        }
      ]
    },
    {
      "mode": "managed",
      "type": "google_filestore_instance",
      "name": "instance",
      "provider": "provider[\"registry.terraform.io/hashicorp/google\"]",
      "instances": [
        {
          "schema_version": 1,
          "attributes": {
            "create_time": "2025-06-19T00:51:00.616395731Z",
            "description": "",
            "etag": "",
            "file_shares": [
              {
                "capacity_gb": 1024,
                "name": "shared",
                "nfs_export_options": [
                  {
                    "access_mode": "READ_WRITE",
                    "anon_gid": 0,
                    "anon_uid": 0,
                    "ip_ranges": [
                      "0.0.0.0/0"
                    ],
                    "squash_mode": "NO_ROOT_SQUASH"
                  }
                ],
                "source_backup": ""
              }
            ],
            "id": "projects/tokyo-dream-461703-i3/locations/asia-southeast1-a/instances/amazonreviews-filestore",
            "kms_key_name": "",
            "labels": null,
            "location": "asia-southeast1-a",
            "name": "amazonreviews-filestore",
            "networks": [
              {
                "connect_mode": "DIRECT_PEERING",
                "ip_addresses": [
                  "10.242.155.106"
                ],
                "modes": [
                  "MODE_IPV4"
                ],
                "network": "default",
                "reserved_ip_range": "10.242.155.104/29"
              }
            ],
            "project": "tokyo-dream-461703-i3",
            "tier": "BASIC_HDD",
            "timeouts": null,
            "zone": null
          },
          "sensitive_attributes": [],
          "private": "eyJlMmJmYjczMC1lY2FhLTExZTYtOGY4OC0zNDM2M2JjN2M0YzAiOnsiY3JlYXRlIjoxMjAwMDAwMDAwMDAwLCJkZWxldGUiOjEyMDAwMDAwMDAwMDAsInVwZGF0ZSI6MTIwMDAwMDAwMDAwMH0sInNjaGVtYV92ZXJzaW9uIjoiMSJ9"
        }
      ]
    }
  ],
  "check_results": null
}
